
Microsoft Visual Studio Solution File, Format Version 12.00
# Visual Studio Express 15 for Windows Desktop
VisualStudioVersion = 15.0.28307.1622
MinimumVisualStudioVersion = 10.0.40219.1
Project("{8BC9CEB8-8B4A-11D0-8D11-00A0C91BC942}") = "Project2", "Project2\Project2.vcxproj", "{BC9A8E47-E365-4130-BC8F-77948504DAD6}"
EndProject
Global
	GlobalSection(SolutionConfigurationPlatforms) = preSolution
		Debug|x64 = Debug|x64
		Debug|x86 = Debug|x86
		Release|x64 = Release|x64
		Release|x86 = Release|x86
	EndGlobalSection
	GlobalSection(ProjectConfigurationPlatforms) = postSolution
		{BC9A8E47-E365-4130-BC8F-77948504DAD6}.Debug|x64.ActiveCfg = Debug|x64
		{BC9A8E47-E365-4130-BC8F-77948504DAD6}.Debug|x64.Build.0 = Debug|x64
		{BC9A8E47-E365-4130-BC8F-77948504DAD6}.Debug|x86.ActiveCfg = Debug|Win32
		{BC9A8E47-E365-4130-BC8F-77948504DAD6}.Debug|x86.Build.0 = Debug|Win32
		{BC9A8E47-E365-4130-BC8F-77948504DAD6}.Release|x64.ActiveCfg = Release|x64
		{BC9A8E47-E365-4130-BC8F-77948504DAD6}.Release|x64.Build.0 = Release|x64
		{BC9A8E47-E365-4130-BC8F-77948504DAD6}.Release|x86.ActiveCfg = Release|Win32
		{BC9A8E47-E365-4130-BC8F-77948504DAD6}.Release|x86.Build.0 = Release|Win32
	EndGlobalSection
	GlobalSection(SolutionProperties) = preSolution
		HideSolutionNode = FALSE
	EndGlobalSection
	GlobalSection(ExtensibilityGlobals) = postSolution
		SolutionGuid = {CE702AFE-97CD-48B7-AB0D-13722EE61D5D}
	EndGlobalSection
EndGlobal
